
Microsoft Visual Studio Solution File, Format Version 12.00
# Visual Studio Version 17
VisualStudioVersion = 17.3.32901.215
MinimumVisualStudioVersion = 10.0.40219.1
Project("{FAE04EC0-301F-11D3-BF4B-00C04F79EFBC}") = "heap_Assignment", "heap_Assignment\heap_Assignment.csproj", "{1C5BC948-4A8F-42EE-A10E-21311C6D60D0}"
EndProject
Global
	GlobalSection(SolutionConfigurationPlatforms) = preSolution
		Debug|Any CPU = Debug|Any CPU
		Release|Any CPU = Release|Any CPU
	EndGlobalSection
	GlobalSection(ProjectConfigurationPlatforms) = postSolution
		{1C5BC948-4A8F-42EE-A10E-21311C6D60D0}.Debug|Any CPU.ActiveCfg = Debug|Any CPU
		{1C5BC948-4A8F-42EE-A10E-21311C6D60D0}.Debug|Any CPU.Build.0 = Debug|Any CPU
		{1C5BC948-4A8F-42EE-A10E-21311C6D60D0}.Release|Any CPU.ActiveCfg = Release|Any CPU
		{1C5BC948-4A8F-42EE-A10E-21311C6D60D0}.Release|Any CPU.Build.0 = Release|Any CPU
	EndGlobalSection
	GlobalSection(SolutionProperties) = preSolution
		HideSolutionNode = FALSE
	EndGlobalSection
	GlobalSection(ExtensibilityGlobals) = postSolution
		SolutionGuid = {55ECB4DB-B769-457A-9FD5-5F62A83BABC3}
	EndGlobalSection
EndGlobal
